
Microsoft Visual Studio Solution File, Format Version 12.00
# Visual Studio Version 16
VisualStudioVersion = 25.0.1706.9
MinimumVisualStudioVersion = 10.0.40219.1
Project("{FAE04EC0-301F-11D3-BF4B-00C04F79EFBC}") = "ElevenCardGame", "ElevenCardGame\ElevenCardGame.csproj", "{F684B62C-0D80-4FC5-9044-7EF6AE538173}"
EndProject
Global
	GlobalSection(SolutionConfigurationPlatforms) = preSolution
		Debug|Any CPU = Debug|Any CPU
		Release|Any CPU = Release|Any CPU
	EndGlobalSection
	GlobalSection(ProjectConfigurationPlatforms) = postSolution
		{F684B62C-0D80-4FC5-9044-7EF6AE538173}.Debug|Any CPU.ActiveCfg = Debug|Any CPU
		{F684B62C-0D80-4FC5-9044-7EF6AE538173}.Debug|Any CPU.Build.0 = Debug|Any CPU
		{F684B62C-0D80-4FC5-9044-7EF6AE538173}.Release|Any CPU.ActiveCfg = Release|Any CPU
		{F684B62C-0D80-4FC5-9044-7EF6AE538173}.Release|Any CPU.Build.0 = Release|Any CPU
	EndGlobalSection
	GlobalSection(SolutionProperties) = preSolution
		HideSolutionNode = FALSE
	EndGlobalSection
	GlobalSection(ExtensibilityGlobals) = postSolution
		SolutionGuid = {7D7B89DF-C668-45E6-B04F-86377A20A7F5}
	EndGlobalSection
EndGlobal
